<?xml version="1.0" encoding="utf-8"?>
<Project ToolsVersion="16.0" xmlns="http://schemas.microsoft.com/developer/msbuild/2003">
  <ItemGroup>
    <ClCompile Include="D:\Software\J118\src\ArgParse.cpp">
      <Filter>Source Files</Filter>
    </ClCompile>
    <ClCompile Include="D:\Software\J118\src\Exception.cpp">
      <Filter>Source Files</Filter>
    </ClCompile>
    <ClCompile Include="D:\Software\J118\src\IPServer.cpp">
      <Filter>Source Files</Filter>
    </ClCompile>
    <ClCompile Include="D:\Software\J118\src\Matrix.cpp">
      <Filter>Source Files</Filter>
    </ClCompile>
    <ClCompile Include="D:\Software\J118\src\Output.cpp">
      <Filter>Source Files</Filter>
    </ClCompile>
    <ClCompile Include="D:\Software\J118\src\Packet.cpp">
      <Filter>Source Files</Filter>
    </ClCompile>
    <ClCompile Include="D:\Software\J118\src\PeriodicThread.cpp">
      <Filter>Source Files</Filter>
    </ClCompile>
    <ClCompile Include="D:\Software\J118\src\Thread.cpp">
      <Filter>Source Files</Filter>
    </ClCompile>
    <ClCompile Include="D:\Software\J118\src\UDPServer.cpp">
      <Filter>Source Files</Filter>
    </ClCompile>
    <ClCompile Include="D:\Software\J118\src\Vector2D.cpp">
      <Filter>Source Files</Filter>
    </ClCompile>
  </ItemGroup>
  <ItemGroup>
    <ClInclude Include="D:\Software\J118\include\J118\ArgParse.h">
      <Filter>Header Files</Filter>
    </ClInclude>
    <ClInclude Include="D:\Software\J118\include\J118\Callback.h">
      <Filter>Header Files</Filter>
    </ClInclude>
    <ClInclude Include="D:\Software\J118\include\J118\Exception.h">
      <Filter>Header Files</Filter>
    </ClInclude>
    <ClInclude Include="D:\Software\J118\include\J118\IPServer.h">
      <Filter>Header Files</Filter>
    </ClInclude>
    <ClInclude Include="D:\Software\J118\include\J118\Matrix.h">
      <Filter>Header Files</Filter>
    </ClInclude>
    <ClInclude Include="D:\Software\J118\include\J118\Output.h">
      <Filter>Header Files</Filter>
    </ClInclude>
    <ClInclude Include="D:\Software\J118\include\J118\Packet.h">
      <Filter>Header Files</Filter>
    </ClInclude>
    <ClInclude Include="D:\Software\J118\include\J118\PeriodicThread.h">
      <Filter>Header Files</Filter>
    </ClInclude>
    <ClInclude Include="D:\Software\J118\include\J118\Thread.h">
      <Filter>Header Files</Filter>
    </ClInclude>
    <ClInclude Include="D:\Software\J118\include\J118\UDPServer.h">
      <Filter>Header Files</Filter>
    </ClInclude>
    <ClInclude Include="D:\Software\J118\include\J118\UtilityMacros.h">
      <Filter>Header Files</Filter>
    </ClInclude>
    <ClInclude Include="D:\Software\J118\include\J118\Vector2D.h">
      <Filter>Header Files</Filter>
    </ClInclude>
    <ClInclude Include="include\J118\IPCallback.h">
      <Filter>Header Files</Filter>
    </ClInclude>
  </ItemGroup>
  <ItemGroup>
    <CustomBuild Include="D:\Software\J118\CMakeLists.txt" />
  </ItemGroup>
  <ItemGroup>
    <Filter Include="Header Files">
      <UniqueIdentifier>{3000B850-5118-3514-B8C8-8C09BAA77847}</UniqueIdentifier>
    </Filter>
    <Filter Include="Source Files">
      <UniqueIdentifier>{E3DE100F-62E8-3A14-99C7-141B7D2EE8BD}</UniqueIdentifier>
    </Filter>
  </ItemGroup>
</Project>