Microsoft Visual Studio Solution File, Format Version 12.00
# Visual Studio 16
Project("{8BC9CEB8-8B4A-11D0-8D11-00A0C91BC942}") = "ALL_BUILD", "ALL_BUILD.vcxproj", "{51437443-4ABE-32E2-A0C9-0C17CD081B4B}"
	ProjectSection(ProjectDependencies) = postProject
		{C3AE6166-653A-3356-B83B-654C29CEB88A} = {C3AE6166-653A-3356-B83B-654C29CEB88A}
		{047EDC0A-5699-387B-9A66-994A1705363B} = {047EDC0A-5699-387B-9A66-994A1705363B}
	EndProjectSection
EndProject
Project("{8BC9CEB8-8B4A-11D0-8D11-00A0C91BC942}") = "J118", "J118.vcxproj", "{C3AE6166-653A-3356-B83B-654C29CEB88A}"
	ProjectSection(ProjectDependencies) = postProject
		{047EDC0A-5699-387B-9A66-994A1705363B} = {047EDC0A-5699-387B-9A66-994A1705363B}
	EndProjectSection
EndProject
Project("{8BC9CEB8-8B4A-11D0-8D11-00A0C91BC942}") = "ZERO_CHECK", "ZERO_CHECK.vcxproj", "{047EDC0A-5699-387B-9A66-994A1705363B}"
	ProjectSection(ProjectDependencies) = postProject
	EndProjectSection
EndProject
Global
	GlobalSection(SolutionConfigurationPlatforms) = preSolution
		Debug|x64 = Debug|x64
	EndGlobalSection
	GlobalSection(ProjectConfigurationPlatforms) = postSolution
		{51437443-4ABE-32E2-A0C9-0C17CD081B4B}.Debug|x64.ActiveCfg = Debug|x64
		{C3AE6166-653A-3356-B83B-654C29CEB88A}.Debug|x64.ActiveCfg = Debug|x64
		{C3AE6166-653A-3356-B83B-654C29CEB88A}.Debug|x64.Build.0 = Debug|x64
		{047EDC0A-5699-387B-9A66-994A1705363B}.Debug|x64.ActiveCfg = Debug|x64
		{047EDC0A-5699-387B-9A66-994A1705363B}.Debug|x64.Build.0 = Debug|x64
	EndGlobalSection
	GlobalSection(ExtensibilityGlobals) = postSolution
		SolutionGuid = {123939C9-C963-397A-8BBF-87CE89F72C91}
	EndGlobalSection
	GlobalSection(ExtensibilityAddIns) = postSolution
	EndGlobalSection
EndGlobal
